
Microsoft Visual Studio Solution File, Format Version 11.00
# Visual Studio 2010
Project("{FAE04EC0-301F-11D3-BF4B-00C04F79EFBC}") = "desktop-notifier", "desktop-notifier.csproj", "{21EF3922-D0F1-4B66-82E8-FEE00811489F}"
EndProject
Global
	GlobalSection(SolutionConfigurationPlatforms) = preSolution
		Debug|x86 = Debug|x86
		Release|x86 = Release|x86
	EndGlobalSection
	GlobalSection(ProjectConfigurationPlatforms) = postSolution
		{21EF3922-D0F1-4B66-82E8-FEE00811489F}.Debug|x86.ActiveCfg = Debug|x86
		{21EF3922-D0F1-4B66-82E8-FEE00811489F}.Debug|x86.Build.0 = Debug|x86
		{21EF3922-D0F1-4B66-82E8-FEE00811489F}.Release|x86.ActiveCfg = Release|x86
		{21EF3922-D0F1-4B66-82E8-FEE00811489F}.Release|x86.Build.0 = Release|x86
	EndGlobalSection
	GlobalSection(SolutionProperties) = preSolution
		HideSolutionNode = FALSE
	EndGlobalSection
EndGlobal
